<?xml version="1.0" encoding="utf-8"?>
<Project ToolsVersion="4.0" xmlns="http://schemas.microsoft.com/developer/msbuild/2003">
  <ItemGroup>
    <Filter Include="Source Files">
      <UniqueIdentifier>{4FC737F1-C7A5-4376-A066-2A32D752A2FF}</UniqueIdentifier>
      <Extensions>cpp;c;cc;cxx;def;odl;idl;hpj;bat;asm;asmx</Extensions>
    </Filter>
    <Filter Include="Header Files">
      <UniqueIdentifier>{93995380-89BD-4b04-88EB-625FBE52EBFB}</UniqueIdentifier>
      <Extensions>h;hh;hpp;hxx;hm;inl;inc;ipp;xsd</Extensions>
    </Filter>
    <Filter Include="Resource Files">
      <UniqueIdentifier>{67DA6AB6-F800-4c08-8B7A-83BB121AAD01}</UniqueIdentifier>
      <Extensions>rc;ico;cur;bmp;dlg;rc2;rct;bin;rgs;gif;jpg;jpeg;jpe;resx;tiff;tif;png;wav;mfcribbon-ms</Extensions>
    </Filter>
    <Filter Include="Header Files\CommandHandlers">
      <UniqueIdentifier>{090e199a-f89c-4c89-a261-7ba38a504932}</UniqueIdentifier>
    </Filter>
    <Filter Include="Source Files\CommandHandlers">
      <UniqueIdentifier>{5a332ccd-87c4-403c-9228-03c7f5ca1de7}</UniqueIdentifier>
    </Filter>
  </ItemGroup>
  <ItemGroup>
    <ClInclude Include="stdafx.h">
      <Filter>Header Files</Filter>
    </ClInclude>
    <ClInclude Include="targetver.h">
      <Filter>Header Files</Filter>
    </ClInclude>
    <ClInclude Include="cominterfaces.h">
      <Filter>Header Files</Filter>
    </ClInclude>
    <ClInclude Include="dllmain.h">
      <Filter>Header Files</Filter>
    </ClInclude>
    <ClInclude Include="resource.h">
      <Filter>Header Files</Filter>
    </ClInclude>
    <ClInclude Include="InProcessDriver.h">
      <Filter>Header Files</Filter>
    </ClInclude>
    <ClInclude Include="InProcessCommandHandler.h">
      <Filter>Header Files</Filter>
    </ClInclude>
    <ClInclude Include="InProcessCommandRepository.h">
      <Filter>Header Files</Filter>
    </ClInclude>
    <ClInclude Include="CommandHandlers\GetTitleCommandHandler.h">
      <Filter>Header Files\CommandHandlers</Filter>
    </ClInclude>
    <ClInclude Include="CommandHandlers\GoToUrlCommandHandler.h">
      <Filter>Header Files\CommandHandlers</Filter>
    </ClInclude>
    <ClInclude Include="Script.h">
      <Filter>Header Files</Filter>
    </ClInclude>
    <ClInclude Include="CommandHandlers\ExecuteScriptCommandHandler.h">
      <Filter>Header Files\CommandHandlers</Filter>
    </ClInclude>
    <ClInclude Include="Element.h">
      <Filter>Header Files</Filter>
    </ClInclude>
    <ClInclude Include="ElementRepository.h">
      <Filter>Header Files</Filter>
    </ClInclude>
    <ClInclude Include="CustomTypes.h">
      <Filter>Header Files</Filter>
    </ClInclude>
    <ClInclude Include="ScriptException.h">
      <Filter>Header Files</Filter>
    </ClInclude>
    <ClInclude Include="VariantUtilities.h">
      <Filter>Header Files</Filter>
    </ClInclude>
    <ClInclude Include="ElementFinder.h">
      <Filter>Header Files</Filter>
    </ClInclude>
  </ItemGroup>
  <ItemGroup>
    <ClCompile Include="stdafx.cpp">
      <Filter>Source Files</Filter>
    </ClCompile>
    <ClCompile Include="dllmain.cpp">
      <Filter>Source Files</Filter>
    </ClCompile>
    <ClCompile Include="cominterfaces.cpp">
      <Filter>Source Files</Filter>
    </ClCompile>
    <ClCompile Include="InProcessDriver.cpp">
      <Filter>Source Files</Filter>
    </ClCompile>
    <ClCompile Include="InProcessCommandHandler.cpp">
      <Filter>Source Files</Filter>
    </ClCompile>
    <ClCompile Include="InProcessCommandRepository.cpp">
      <Filter>Source Files</Filter>
    </ClCompile>
    <ClCompile Include="CommandHandlers\GoToUrlCommandHandler.cpp">
      <Filter>Source Files\CommandHandlers</Filter>
    </ClCompile>
    <ClCompile Include="CommandHandlers\GetTitleCommandHandler.cpp">
      <Filter>Source Files\CommandHandlers</Filter>
    </ClCompile>
    <ClCompile Include="Script.cpp">
      <Filter>Source Files</Filter>
    </ClCompile>
    <ClCompile Include="CommandHandlers\ExecuteScriptCommandHandler.cpp">
      <Filter>Source Files\CommandHandlers</Filter>
    </ClCompile>
    <ClCompile Include="Element.cpp">
      <Filter>Source Files</Filter>
    </ClCompile>
    <ClCompile Include="ElementRepository.cpp">
      <Filter>Source Files</Filter>
    </ClCompile>
    <ClCompile Include="ScriptException.cpp">
      <Filter>Source Files</Filter>
    </ClCompile>
    <ClCompile Include="VariantUtilities.cpp">
      <Filter>Source Files</Filter>
    </ClCompile>
  </ItemGroup>
  <ItemGroup>
    <None Include="InProcessDriverEngine.def">
      <Filter>Source Files</Filter>
    </None>
  </ItemGroup>
  <ItemGroup>
    <ResourceCompile Include="InProcessDriverEngine.rc">
      <Filter>Resource Files</Filter>
    </ResourceCompile>
  </ItemGroup>
</Project>